
Microsoft Visual Studio Solution File, Format Version 12.00
# Visual Studio Version 16
VisualStudioVersion = 16.0.31702.278
MinimumVisualStudioVersion = 10.0.40219.1
Project("{8BC9CEB8-8B4A-11D0-8D11-00A0C91BC942}") = "ArrayVector", "ArrayVector\ArrayVector.vcxproj", "{BD483DC8-7B64-433C-88B2-86BE546FC504}"
EndProject
Global
	GlobalSection(SolutionConfigurationPlatforms) = preSolution
		Debug|x64 = Debug|x64
		Debug|x86 = Debug|x86
		Release|x64 = Release|x64
		Release|x86 = Release|x86
	EndGlobalSection
	GlobalSection(ProjectConfigurationPlatforms) = postSolution
		{BD483DC8-7B64-433C-88B2-86BE546FC504}.Debug|x64.ActiveCfg = Debug|x64
		{BD483DC8-7B64-433C-88B2-86BE546FC504}.Debug|x64.Build.0 = Debug|x64
		{BD483DC8-7B64-433C-88B2-86BE546FC504}.Debug|x86.ActiveCfg = Debug|Win32
		{BD483DC8-7B64-433C-88B2-86BE546FC504}.Debug|x86.Build.0 = Debug|Win32
		{BD483DC8-7B64-433C-88B2-86BE546FC504}.Release|x64.ActiveCfg = Release|x64
		{BD483DC8-7B64-433C-88B2-86BE546FC504}.Release|x64.Build.0 = Release|x64
		{BD483DC8-7B64-433C-88B2-86BE546FC504}.Release|x86.ActiveCfg = Release|Win32
		{BD483DC8-7B64-433C-88B2-86BE546FC504}.Release|x86.Build.0 = Release|Win32
	EndGlobalSection
	GlobalSection(SolutionProperties) = preSolution
		HideSolutionNode = FALSE
	EndGlobalSection
	GlobalSection(ExtensibilityGlobals) = postSolution
		SolutionGuid = {5A2B30C5-7D2C-4962-9120-3EA4706E2F01}
	EndGlobalSection
EndGlobal
